// !$*UTF8*$!
{
	archiveVersion = 1;
	classes = {
	};
	objectVersion = 56;
	objects = {

/* Begin PBXBuildFile section */
		860AA9D8296CDA700092878D /* DomainError.swift in Sources */ = {isa = PBXBuildFile; fileRef = 860AA9D7296CDA700092878D /* DomainError.swift */; };
		860AA9DB296CDBCD0092878D /* HttpError.swift in Sources */ = {isa = PBXBuildFile; fileRef = 860AA9DA296CDBCD0092878D /* HttpError.swift */; };
		860AA9DE296CEE680092878D /* Test+Ext.swift in Sources */ = {isa = PBXBuildFile; fileRef = 860AA9DD296CEE680092878D /* Test+Ext.swift */; };
		860AA9E0296CEEC60092878D /* TestFactories.swift in Sources */ = {isa = PBXBuildFile; fileRef = 860AA9DF296CEEC60092878D /* TestFactories.swift */; };
		860AA9E3296CEF260092878D /* HttpClientSpy.swift in Sources */ = {isa = PBXBuildFile; fileRef = 860AA9E2296CEF260092878D /* HttpClientSpy.swift */; };
		860AA9E6296CEFA00092878D /* AccountModel+Stub.swift in Sources */ = {isa = PBXBuildFile; fileRef = 860AA9E5296CEFA00092878D /* AccountModel+Stub.swift */; };
		862A36692A364D4E000C60C0 /* AlamofireAdapter.swift in Sources */ = {isa = PBXBuildFile; fileRef = 869FB5572A3646AC00752DC9 /* AlamofireAdapter.swift */; };
		862CFDDD2A34D5580097CF79 /* Data+Ext.swift in Sources */ = {isa = PBXBuildFile; fileRef = 862CFDDC2A34D5580097CF79 /* Data+Ext.swift */; };
		86670BA7296A207C0063B87E /* Model.swift in Sources */ = {isa = PBXBuildFile; fileRef = 86670BA6296A207C0063B87E /* Model.swift */; };
		86670BA9296A21570063B87E /* RemoteAddAccount.swift in Sources */ = {isa = PBXBuildFile; fileRef = 86670BA8296A21570063B87E /* RemoteAddAccount.swift */; };
		86670BAB296A217D0063B87E /* HttpPostClient.swift in Sources */ = {isa = PBXBuildFile; fileRef = 86670BAA296A217D0063B87E /* HttpPostClient.swift */; };
		869FB55C2A36475900752DC9 /* UrlProtocolStub.swift in Sources */ = {isa = PBXBuildFile; fileRef = 869FB55B2A36475900752DC9 /* UrlProtocolStub.swift */; };
		86C976312970D48600903E7A /* Infra.framework in Frameworks */ = {isa = PBXBuildFile; fileRef = 86C976272970D48500903E7A /* Infra.framework */; };
		86C976362970D48600903E7A /* AlamofireAdapterTests.swift in Sources */ = {isa = PBXBuildFile; fileRef = 86C976352970D48600903E7A /* AlamofireAdapterTests.swift */; };
		86C9763E2970D57700903E7A /* Data.framework in Frameworks */ = {isa = PBXBuildFile; fileRef = 86DC9BC329644942003FDE47 /* Data.framework */; };
		86C9763F2970D57700903E7A /* Data.framework in Embed Frameworks */ = {isa = PBXBuildFile; fileRef = 86DC9BC329644942003FDE47 /* Data.framework */; settings = {ATTRIBUTES = (CodeSignOnCopy, RemoveHeadersOnCopy, ); }; };
		86C976432970D5A400903E7A /* TestFactories.swift in Sources */ = {isa = PBXBuildFile; fileRef = 860AA9DF296CEEC60092878D /* TestFactories.swift */; };
		86C976462970D6A400903E7A /* Alamofire in Frameworks */ = {isa = PBXBuildFile; productRef = 86C976452970D6A400903E7A /* Alamofire */; };
		86C976472970E00900903E7A /* Test+Ext.swift in Sources */ = {isa = PBXBuildFile; fileRef = 860AA9DD296CEE680092878D /* Test+Ext.swift */; };
		86DC9BBB296447D1003FDE47 /* AddAccount.swift in Sources */ = {isa = PBXBuildFile; fileRef = 86DC9BBA296447D1003FDE47 /* AddAccount.swift */; };
		86DC9BBD29644901003FDE47 /* AccountModel.swift in Sources */ = {isa = PBXBuildFile; fileRef = 86DC9BBC29644901003FDE47 /* AccountModel.swift */; };
		86DC9BCD29644942003FDE47 /* Data.framework in Frameworks */ = {isa = PBXBuildFile; fileRef = 86DC9BC329644942003FDE47 /* Data.framework */; };
		86DC9BD229644942003FDE47 /* RemoteAddAccountTests.swift in Sources */ = {isa = PBXBuildFile; fileRef = 86DC9BD129644942003FDE47 /* RemoteAddAccountTests.swift */; };
		86DC9BDB29644977003FDE47 /* Domain.framework in Frameworks */ = {isa = PBXBuildFile; fileRef = 86DC9BB129644722003FDE47 /* Domain.framework */; };
		86DC9BDC29644977003FDE47 /* Domain.framework in Embed Frameworks */ = {isa = PBXBuildFile; fileRef = 86DC9BB129644722003FDE47 /* Domain.framework */; settings = {ATTRIBUTES = (CodeSignOnCopy, RemoveHeadersOnCopy, ); }; };
/* End PBXBuildFile section */

/* Begin PBXContainerItemProxy section */
		86C976322970D48600903E7A /* PBXContainerItemProxy */ = {
			isa = PBXContainerItemProxy;
			containerPortal = 86DC9B97296446E5003FDE47 /* Project object */;
			proxyType = 1;
			remoteGlobalIDString = 86C976262970D48500903E7A;
			remoteInfo = Infra;
		};
		86C976402970D57700903E7A /* PBXContainerItemProxy */ = {
			isa = PBXContainerItemProxy;
			containerPortal = 86DC9B97296446E5003FDE47 /* Project object */;
			proxyType = 1;
			remoteGlobalIDString = 86DC9BC229644942003FDE47;
			remoteInfo = Data;
		};
		86DC9BCE29644942003FDE47 /* PBXContainerItemProxy */ = {
			isa = PBXContainerItemProxy;
			containerPortal = 86DC9B97296446E5003FDE47 /* Project object */;
			proxyType = 1;
			remoteGlobalIDString = 86DC9BC229644942003FDE47;
			remoteInfo = Data;
		};
		86DC9BDD29644977003FDE47 /* PBXContainerItemProxy */ = {
			isa = PBXContainerItemProxy;
			containerPortal = 86DC9B97296446E5003FDE47 /* Project object */;
			proxyType = 1;
			remoteGlobalIDString = 86DC9BB029644722003FDE47;
			remoteInfo = Domain;
		};
/* End PBXContainerItemProxy section */

/* Begin PBXCopyFilesBuildPhase section */
		86C976422970D57700903E7A /* Embed Frameworks */ = {
			isa = PBXCopyFilesBuildPhase;
			buildActionMask = 2147483647;
			dstPath = "";
			dstSubfolderSpec = 10;
			files = (
				86C9763F2970D57700903E7A /* Data.framework in Embed Frameworks */,
			);
			name = "Embed Frameworks";
			runOnlyForDeploymentPostprocessing = 0;
		};
		86DC9BDF29644977003FDE47 /* Embed Frameworks */ = {
			isa = PBXCopyFilesBuildPhase;
			buildActionMask = 2147483647;
			dstPath = "";
			dstSubfolderSpec = 10;
			files = (
				86DC9BDC29644977003FDE47 /* Domain.framework in Embed Frameworks */,
			);
			name = "Embed Frameworks";
			runOnlyForDeploymentPostprocessing = 0;
		};
/* End PBXCopyFilesBuildPhase section */

/* Begin PBXFileReference section */
		860AA9D7296CDA700092878D /* DomainError.swift */ = {isa = PBXFileReference; lastKnownFileType = sourcecode.swift; path = DomainError.swift; sourceTree = "<group>"; };
		860AA9DA296CDBCD0092878D /* HttpError.swift */ = {isa = PBXFileReference; lastKnownFileType = sourcecode.swift; path = HttpError.swift; sourceTree = "<group>"; };
		860AA9DD296CEE680092878D /* Test+Ext.swift */ = {isa = PBXFileReference; lastKnownFileType = sourcecode.swift; path = "Test+Ext.swift"; sourceTree = "<group>"; };
		860AA9DF296CEEC60092878D /* TestFactories.swift */ = {isa = PBXFileReference; lastKnownFileType = sourcecode.swift; path = TestFactories.swift; sourceTree = "<group>"; };
		860AA9E2296CEF260092878D /* HttpClientSpy.swift */ = {isa = PBXFileReference; lastKnownFileType = sourcecode.swift; path = HttpClientSpy.swift; sourceTree = "<group>"; };
		860AA9E5296CEFA00092878D /* AccountModel+Stub.swift */ = {isa = PBXFileReference; lastKnownFileType = sourcecode.swift; path = "AccountModel+Stub.swift"; sourceTree = "<group>"; };
		862A366A2A364EC1000C60C0 /* CI.xctestplan */ = {isa = PBXFileReference; lastKnownFileType = text; path = CI.xctestplan; sourceTree = "<group>"; };
		862CFDDC2A34D5580097CF79 /* Data+Ext.swift */ = {isa = PBXFileReference; lastKnownFileType = sourcecode.swift; path = "Data+Ext.swift"; sourceTree = "<group>"; };
		86670BA6296A207C0063B87E /* Model.swift */ = {isa = PBXFileReference; lastKnownFileType = sourcecode.swift; path = Model.swift; sourceTree = "<group>"; };
		86670BA8296A21570063B87E /* RemoteAddAccount.swift */ = {isa = PBXFileReference; lastKnownFileType = sourcecode.swift; path = RemoteAddAccount.swift; sourceTree = "<group>"; };
		86670BAA296A217D0063B87E /* HttpPostClient.swift */ = {isa = PBXFileReference; lastKnownFileType = sourcecode.swift; path = HttpPostClient.swift; sourceTree = "<group>"; };
		869FB5572A3646AC00752DC9 /* AlamofireAdapter.swift */ = {isa = PBXFileReference; lastKnownFileType = sourcecode.swift; path = AlamofireAdapter.swift; sourceTree = "<group>"; };
		869FB55B2A36475900752DC9 /* UrlProtocolStub.swift */ = {isa = PBXFileReference; lastKnownFileType = sourcecode.swift; path = UrlProtocolStub.swift; sourceTree = "<group>"; };
		86C976272970D48500903E7A /* Infra.framework */ = {isa = PBXFileReference; explicitFileType = wrapper.framework; includeInIndex = 0; path = Infra.framework; sourceTree = BUILT_PRODUCTS_DIR; };
		86C976302970D48600903E7A /* InfraTests.xctest */ = {isa = PBXFileReference; explicitFileType = wrapper.cfbundle; includeInIndex = 0; path = InfraTests.xctest; sourceTree = BUILT_PRODUCTS_DIR; };
		86C976352970D48600903E7A /* AlamofireAdapterTests.swift */ = {isa = PBXFileReference; lastKnownFileType = sourcecode.swift; path = AlamofireAdapterTests.swift; sourceTree = "<group>"; };
		86DC9BB129644722003FDE47 /* Domain.framework */ = {isa = PBXFileReference; explicitFileType = wrapper.framework; includeInIndex = 0; path = Domain.framework; sourceTree = BUILT_PRODUCTS_DIR; };
		86DC9BBA296447D1003FDE47 /* AddAccount.swift */ = {isa = PBXFileReference; lastKnownFileType = sourcecode.swift; path = AddAccount.swift; sourceTree = "<group>"; };
		86DC9BBC29644901003FDE47 /* AccountModel.swift */ = {isa = PBXFileReference; lastKnownFileType = sourcecode.swift; path = AccountModel.swift; sourceTree = "<group>"; };
		86DC9BC329644942003FDE47 /* Data.framework */ = {isa = PBXFileReference; explicitFileType = wrapper.framework; includeInIndex = 0; path = Data.framework; sourceTree = BUILT_PRODUCTS_DIR; };
		86DC9BCC29644942003FDE47 /* DataTests.xctest */ = {isa = PBXFileReference; explicitFileType = wrapper.cfbundle; includeInIndex = 0; path = DataTests.xctest; sourceTree = BUILT_PRODUCTS_DIR; };
		86DC9BD129644942003FDE47 /* RemoteAddAccountTests.swift */ = {isa = PBXFileReference; lastKnownFileType = sourcecode.swift; path = RemoteAddAccountTests.swift; sourceTree = "<group>"; };
/* End PBXFileReference section */

/* Begin PBXFrameworksBuildPhase section */
		86C976242970D48500903E7A /* Frameworks */ = {
			isa = PBXFrameworksBuildPhase;
			buildActionMask = 2147483647;
			files = (
				86C9763E2970D57700903E7A /* Data.framework in Frameworks */,
				86C976462970D6A400903E7A /* Alamofire in Frameworks */,
			);
			runOnlyForDeploymentPostprocessing = 0;
		};
		86C9762D2970D48600903E7A /* Frameworks */ = {
			isa = PBXFrameworksBuildPhase;
			buildActionMask = 2147483647;
			files = (
				86C976312970D48600903E7A /* Infra.framework in Frameworks */,
			);
			runOnlyForDeploymentPostprocessing = 0;
		};
		86DC9BAE29644722003FDE47 /* Frameworks */ = {
			isa = PBXFrameworksBuildPhase;
			buildActionMask = 2147483647;
			files = (
			);
			runOnlyForDeploymentPostprocessing = 0;
		};
		86DC9BC029644942003FDE47 /* Frameworks */ = {
			isa = PBXFrameworksBuildPhase;
			buildActionMask = 2147483647;
			files = (
				86DC9BDB29644977003FDE47 /* Domain.framework in Frameworks */,
			);
			runOnlyForDeploymentPostprocessing = 0;
		};
		86DC9BC929644942003FDE47 /* Frameworks */ = {
			isa = PBXFrameworksBuildPhase;
			buildActionMask = 2147483647;
			files = (
				86DC9BCD29644942003FDE47 /* Data.framework in Frameworks */,
			);
			runOnlyForDeploymentPostprocessing = 0;
		};
/* End PBXFrameworksBuildPhase section */

/* Begin PBXGroup section */
		860AA9D6296CDA610092878D /* Error */ = {
			isa = PBXGroup;
			children = (
				860AA9D7296CDA700092878D /* DomainError.swift */,
			);
			path = Error;
			sourceTree = "<group>";
		};
		860AA9D9296CDBC30092878D /* Error */ = {
			isa = PBXGroup;
			children = (
				860AA9DA296CDBCD0092878D /* HttpError.swift */,
			);
			path = Error;
			sourceTree = "<group>";
		};
		860AA9DC296CEE470092878D /* Helpers */ = {
			isa = PBXGroup;
			children = (
				860AA9DD296CEE680092878D /* Test+Ext.swift */,
				860AA9DF296CEEC60092878D /* TestFactories.swift */,
			);
			path = Helpers;
			sourceTree = "<group>";
		};
		860AA9E4296CEF750092878D /* Doubles */ = {
			isa = PBXGroup;
			children = (
				860AA9E2296CEF260092878D /* HttpClientSpy.swift */,
				860AA9E5296CEFA00092878D /* AccountModel+Stub.swift */,
			);
			path = Doubles;
			sourceTree = "<group>";
		};
		862CFDDB2A34D5450097CF79 /* Extensions */ = {
			isa = PBXGroup;
			children = (
				862CFDDC2A34D5580097CF79 /* Data+Ext.swift */,
			);
			path = Extensions;
			sourceTree = "<group>";
		};
		86670BAC296A224B0063B87E /* UseCases */ = {
			isa = PBXGroup;
			children = (
				86DC9BBA296447D1003FDE47 /* AddAccount.swift */,
			);
			path = UseCases;
			sourceTree = "<group>";
		};
		86670BAD296A225D0063B87E /* Models */ = {
			isa = PBXGroup;
			children = (
				86DC9BBC29644901003FDE47 /* AccountModel.swift */,
				86670BA6296A207C0063B87E /* Model.swift */,
			);
			path = Models;
			sourceTree = "<group>";
		};
		86670BAE296A22750063B87E /* UseCases */ = {
			isa = PBXGroup;
			children = (
				86670BA8296A21570063B87E /* RemoteAddAccount.swift */,
			);
			path = UseCases;
			sourceTree = "<group>";
		};
		86670BAF296A22820063B87E /* Protocols */ = {
			isa = PBXGroup;
			children = (
				86670BAA296A217D0063B87E /* HttpPostClient.swift */,
			);
			path = Protocols;
			sourceTree = "<group>";
		};
		86670BB0296A228C0063B87E /* UseCases */ = {
			isa = PBXGroup;
			children = (
				86DC9BD129644942003FDE47 /* RemoteAddAccountTests.swift */,
			);
			path = UseCases;
			sourceTree = "<group>";
		};
		869FB5592A36470800752DC9 /* Http */ = {
			isa = PBXGroup;
			children = (
				86C976352970D48600903E7A /* AlamofireAdapterTests.swift */,
				869FB55B2A36475900752DC9 /* UrlProtocolStub.swift */,
			);
			path = Http;
			sourceTree = "<group>";
		};
		869FB55A2A36471400752DC9 /* Http */ = {
			isa = PBXGroup;
			children = (
				869FB5572A3646AC00752DC9 /* AlamofireAdapter.swift */,
			);
			path = Http;
			sourceTree = "<group>";
		};
		86C976282970D48500903E7A /* Infra */ = {
			isa = PBXGroup;
			children = (
				869FB55A2A36471400752DC9 /* Http */,
			);
			path = Infra;
			sourceTree = "<group>";
		};
		86C976342970D48600903E7A /* InfraTests */ = {
			isa = PBXGroup;
			children = (
				869FB5592A36470800752DC9 /* Http */,
			);
			path = InfraTests;
			sourceTree = "<group>";
		};
		86DC9B96296446E5003FDE47 = {
			isa = PBXGroup;
			children = (
				862A366A2A364EC1000C60C0 /* CI.xctestplan */,
				86DC9BB229644722003FDE47 /* Domain */,
				86DC9BC429644942003FDE47 /* Data */,
				86DC9BD029644942003FDE47 /* DataTests */,
				86C976282970D48500903E7A /* Infra */,
				86C976342970D48600903E7A /* InfraTests */,
				86DC9BA1296446E6003FDE47 /* Products */,
				86DC9BDA29644977003FDE47 /* Frameworks */,
			);
			sourceTree = "<group>";
		};
		86DC9BA1296446E6003FDE47 /* Products */ = {
			isa = PBXGroup;
			children = (
				86DC9BB129644722003FDE47 /* Domain.framework */,
				86DC9BC329644942003FDE47 /* Data.framework */,
				86DC9BCC29644942003FDE47 /* DataTests.xctest */,
				86C976272970D48500903E7A /* Infra.framework */,
				86C976302970D48600903E7A /* InfraTests.xctest */,
			);
			name = Products;
			sourceTree = "<group>";
		};
		86DC9BB229644722003FDE47 /* Domain */ = {
			isa = PBXGroup;
			children = (
				860AA9D6296CDA610092878D /* Error */,
				86670BAC296A224B0063B87E /* UseCases */,
				86670BAD296A225D0063B87E /* Models */,
			);
			path = Domain;
			sourceTree = "<group>";
		};
		86DC9BC429644942003FDE47 /* Data */ = {
			isa = PBXGroup;
			children = (
				862CFDDB2A34D5450097CF79 /* Extensions */,
				860AA9D9296CDBC30092878D /* Error */,
				86670BAF296A22820063B87E /* Protocols */,
				86670BAE296A22750063B87E /* UseCases */,
			);
			path = Data;
			sourceTree = "<group>";
		};
		86DC9BD029644942003FDE47 /* DataTests */ = {
			isa = PBXGroup;
			children = (
				860AA9E4296CEF750092878D /* Doubles */,
				860AA9DC296CEE470092878D /* Helpers */,
				86670BB0296A228C0063B87E /* UseCases */,
			);
			path = DataTests;
			sourceTree = "<group>";
		};
		86DC9BDA29644977003FDE47 /* Frameworks */ = {
			isa = PBXGroup;
			children = (
			);
			name = Frameworks;
			sourceTree = "<group>";
		};
/* End PBXGroup section */

/* Begin PBXHeadersBuildPhase section */
		86C976222970D48500903E7A /* Headers */ = {
			isa = PBXHeadersBuildPhase;
			buildActionMask = 2147483647;
			files = (
			);
			runOnlyForDeploymentPostprocessing = 0;
		};
		86DC9BAC29644722003FDE47 /* Headers */ = {
			isa = PBXHeadersBuildPhase;
			buildActionMask = 2147483647;
			files = (
			);
			runOnlyForDeploymentPostprocessing = 0;
		};
		86DC9BBE29644942003FDE47 /* Headers */ = {
			isa = PBXHeadersBuildPhase;
			buildActionMask = 2147483647;
			files = (
			);
			runOnlyForDeploymentPostprocessing = 0;
		};
/* End PBXHeadersBuildPhase section */

/* Begin PBXNativeTarget section */
		86C976262970D48500903E7A /* Infra */ = {
			isa = PBXNativeTarget;
			buildConfigurationList = 86C9763C2970D48600903E7A /* Build configuration list for PBXNativeTarget "Infra" */;
			buildPhases = (
				86C976222970D48500903E7A /* Headers */,
				86C976232970D48500903E7A /* Sources */,
				86C976242970D48500903E7A /* Frameworks */,
				86C976252970D48500903E7A /* Resources */,
				86C976422970D57700903E7A /* Embed Frameworks */,
			);
			buildRules = (
			);
			dependencies = (
				86C976412970D57700903E7A /* PBXTargetDependency */,
			);
			name = Infra;
			packageProductDependencies = (
				86C976452970D6A400903E7A /* Alamofire */,
			);
			productName = Infra;
			productReference = 86C976272970D48500903E7A /* Infra.framework */;
			productType = "com.apple.product-type.framework";
		};
		86C9762F2970D48600903E7A /* InfraTests */ = {
			isa = PBXNativeTarget;
			buildConfigurationList = 86C9763D2970D48600903E7A /* Build configuration list for PBXNativeTarget "InfraTests" */;
			buildPhases = (
				86C9762C2970D48600903E7A /* Sources */,
				86C9762D2970D48600903E7A /* Frameworks */,
				86C9762E2970D48600903E7A /* Resources */,
			);
			buildRules = (
			);
			dependencies = (
				86C976332970D48600903E7A /* PBXTargetDependency */,
			);
			name = InfraTests;
			productName = InfraTests;
			productReference = 86C976302970D48600903E7A /* InfraTests.xctest */;
			productType = "com.apple.product-type.bundle.unit-test";
		};
		86DC9BB029644722003FDE47 /* Domain */ = {
			isa = PBXNativeTarget;
			buildConfigurationList = 86DC9BB729644722003FDE47 /* Build configuration list for PBXNativeTarget "Domain" */;
			buildPhases = (
				86DC9BAC29644722003FDE47 /* Headers */,
				86DC9BAD29644722003FDE47 /* Sources */,
				86DC9BAE29644722003FDE47 /* Frameworks */,
				86DC9BAF29644722003FDE47 /* Resources */,
			);
			buildRules = (
			);
			dependencies = (
			);
			name = Domain;
			productName = Domain;
			productReference = 86DC9BB129644722003FDE47 /* Domain.framework */;
			productType = "com.apple.product-type.framework";
		};
		86DC9BC229644942003FDE47 /* Data */ = {
			isa = PBXNativeTarget;
			buildConfigurationList = 86DC9BD429644942003FDE47 /* Build configuration list for PBXNativeTarget "Data" */;
			buildPhases = (
				86DC9BBE29644942003FDE47 /* Headers */,
				86DC9BBF29644942003FDE47 /* Sources */,
				86DC9BC029644942003FDE47 /* Frameworks */,
				86DC9BC129644942003FDE47 /* Resources */,
				86DC9BDF29644977003FDE47 /* Embed Frameworks */,
			);
			buildRules = (
			);
			dependencies = (
				86DC9BDE29644977003FDE47 /* PBXTargetDependency */,
			);
			name = Data;
			productName = Data;
			productReference = 86DC9BC329644942003FDE47 /* Data.framework */;
			productType = "com.apple.product-type.framework";
		};
		86DC9BCB29644942003FDE47 /* DataTests */ = {
			isa = PBXNativeTarget;
			buildConfigurationList = 86DC9BD729644942003FDE47 /* Build configuration list for PBXNativeTarget "DataTests" */;
			buildPhases = (
				86DC9BC829644942003FDE47 /* Sources */,
				86DC9BC929644942003FDE47 /* Frameworks */,
				86DC9BCA29644942003FDE47 /* Resources */,
			);
			buildRules = (
			);
			dependencies = (
				86DC9BCF29644942003FDE47 /* PBXTargetDependency */,
			);
			name = DataTests;
			productName = DataTests;
			productReference = 86DC9BCC29644942003FDE47 /* DataTests.xctest */;
			productType = "com.apple.product-type.bundle.unit-test";
		};
/* End PBXNativeTarget section */

/* Begin PBXProject section */
		86DC9B97296446E5003FDE47 /* Project object */ = {
			isa = PBXProject;
			attributes = {
				BuildIndependentTargetsInParallel = 1;
				LastSwiftUpdateCheck = 1410;
				LastUpgradeCheck = 1410;
				TargetAttributes = {
					86C976262970D48500903E7A = {
						CreatedOnToolsVersion = 14.1;
						LastSwiftMigration = 1430;
					};
					86C9762F2970D48600903E7A = {
						CreatedOnToolsVersion = 14.1;
					};
					86DC9BB029644722003FDE47 = {
						CreatedOnToolsVersion = 14.1;
					};
					86DC9BC229644942003FDE47 = {
						CreatedOnToolsVersion = 14.1;
					};
					86DC9BCB29644942003FDE47 = {
						CreatedOnToolsVersion = 14.1;
					};
				};
			};
			buildConfigurationList = 86DC9B9A296446E5003FDE47 /* Build configuration list for PBXProject "clean-app" */;
			compatibilityVersion = "Xcode 14.0";
			developmentRegion = en;
			hasScannedForEncodings = 0;
			knownRegions = (
				en,
				Base,
			);
			mainGroup = 86DC9B96296446E5003FDE47;
			packageReferences = (
				86C976442970D6A400903E7A /* XCRemoteSwiftPackageReference "Alamofire" */,
			);
			productRefGroup = 86DC9BA1296446E6003FDE47 /* Products */;
			projectDirPath = "";
			projectRoot = "";
			targets = (
				86DC9BB029644722003FDE47 /* Domain */,
				86DC9BC229644942003FDE47 /* Data */,
				86DC9BCB29644942003FDE47 /* DataTests */,
				86C976262970D48500903E7A /* Infra */,
				86C9762F2970D48600903E7A /* InfraTests */,
			);
		};
/* End PBXProject section */

/* Begin PBXResourcesBuildPhase section */
		86C976252970D48500903E7A /* Resources */ = {
			isa = PBXResourcesBuildPhase;
			buildActionMask = 2147483647;
			files = (
			);
			runOnlyForDeploymentPostprocessing = 0;
		};
		86C9762E2970D48600903E7A /* Resources */ = {
			isa = PBXResourcesBuildPhase;
			buildActionMask = 2147483647;
			files = (
			);
			runOnlyForDeploymentPostprocessing = 0;
		};
		86DC9BAF29644722003FDE47 /* Resources */ = {
			isa = PBXResourcesBuildPhase;
			buildActionMask = 2147483647;
			files = (
			);
			runOnlyForDeploymentPostprocessing = 0;
		};
		86DC9BC129644942003FDE47 /* Resources */ = {
			isa = PBXResourcesBuildPhase;
			buildActionMask = 2147483647;
			files = (
			);
			runOnlyForDeploymentPostprocessing = 0;
		};
		86DC9BCA29644942003FDE47 /* Resources */ = {
			isa = PBXResourcesBuildPhase;
			buildActionMask = 2147483647;
			files = (
			);
			runOnlyForDeploymentPostprocessing = 0;
		};
/* End PBXResourcesBuildPhase section */

/* Begin PBXSourcesBuildPhase section */
		86C976232970D48500903E7A /* Sources */ = {
			isa = PBXSourcesBuildPhase;
			buildActionMask = 2147483647;
			files = (
				862A36692A364D4E000C60C0 /* AlamofireAdapter.swift in Sources */,
			);
			runOnlyForDeploymentPostprocessing = 0;
		};
		86C9762C2970D48600903E7A /* Sources */ = {
			isa = PBXSourcesBuildPhase;
			buildActionMask = 2147483647;
			files = (
				86C976432970D5A400903E7A /* TestFactories.swift in Sources */,
				86C976472970E00900903E7A /* Test+Ext.swift in Sources */,
				86C976362970D48600903E7A /* AlamofireAdapterTests.swift in Sources */,
				869FB55C2A36475900752DC9 /* UrlProtocolStub.swift in Sources */,
			);
			runOnlyForDeploymentPostprocessing = 0;
		};
		86DC9BAD29644722003FDE47 /* Sources */ = {
			isa = PBXSourcesBuildPhase;
			buildActionMask = 2147483647;
			files = (
				86DC9BBD29644901003FDE47 /* AccountModel.swift in Sources */,
				86DC9BBB296447D1003FDE47 /* AddAccount.swift in Sources */,
				860AA9D8296CDA700092878D /* DomainError.swift in Sources */,
				86670BA7296A207C0063B87E /* Model.swift in Sources */,
			);
			runOnlyForDeploymentPostprocessing = 0;
		};
		86DC9BBF29644942003FDE47 /* Sources */ = {
			isa = PBXSourcesBuildPhase;
			buildActionMask = 2147483647;
			files = (
				86670BAB296A217D0063B87E /* HttpPostClient.swift in Sources */,
				860AA9DB296CDBCD0092878D /* HttpError.swift in Sources */,
				86670BA9296A21570063B87E /* RemoteAddAccount.swift in Sources */,
				862CFDDD2A34D5580097CF79 /* Data+Ext.swift in Sources */,
			);
			runOnlyForDeploymentPostprocessing = 0;
		};
		86DC9BC829644942003FDE47 /* Sources */ = {
			isa = PBXSourcesBuildPhase;
			buildActionMask = 2147483647;
			files = (
				860AA9E0296CEEC60092878D /* TestFactories.swift in Sources */,
				860AA9E6296CEFA00092878D /* AccountModel+Stub.swift in Sources */,
				860AA9E3296CEF260092878D /* HttpClientSpy.swift in Sources */,
				86DC9BD229644942003FDE47 /* RemoteAddAccountTests.swift in Sources */,
				860AA9DE296CEE680092878D /* Test+Ext.swift in Sources */,
			);
			runOnlyForDeploymentPostprocessing = 0;
		};
/* End PBXSourcesBuildPhase section */

/* Begin PBXTargetDependency section */
		86C976332970D48600903E7A /* PBXTargetDependency */ = {
			isa = PBXTargetDependency;
			target = 86C976262970D48500903E7A /* Infra */;
			targetProxy = 86C976322970D48600903E7A /* PBXContainerItemProxy */;
		};
		86C976412970D57700903E7A /* PBXTargetDependency */ = {
			isa = PBXTargetDependency;
			target = 86DC9BC229644942003FDE47 /* Data */;
			targetProxy = 86C976402970D57700903E7A /* PBXContainerItemProxy */;
		};
		86DC9BCF29644942003FDE47 /* PBXTargetDependency */ = {
			isa = PBXTargetDependency;
			target = 86DC9BC229644942003FDE47 /* Data */;
			targetProxy = 86DC9BCE29644942003FDE47 /* PBXContainerItemProxy */;
		};
		86DC9BDE29644977003FDE47 /* PBXTargetDependency */ = {
			isa = PBXTargetDependency;
			target = 86DC9BB029644722003FDE47 /* Domain */;
			targetProxy = 86DC9BDD29644977003FDE47 /* PBXContainerItemProxy */;
		};
/* End PBXTargetDependency section */

/* Begin XCBuildConfiguration section */
		86C976382970D48600903E7A /* Debug */ = {
			isa = XCBuildConfiguration;
			buildSettings = {
				CLANG_ENABLE_MODULES = YES;
				CODE_SIGN_STYLE = Automatic;
				COMBINE_HIDPI_IMAGES = YES;
				CURRENT_PROJECT_VERSION = 1;
				DEFINES_MODULE = YES;
				DYLIB_COMPATIBILITY_VERSION = 1;
				DYLIB_CURRENT_VERSION = 1;
				DYLIB_INSTALL_NAME_BASE = "@rpath";
				GENERATE_INFOPLIST_FILE = YES;
				INFOPLIST_KEY_NSHumanReadableCopyright = "";
				INSTALL_PATH = "$(LOCAL_LIBRARY_DIR)/Frameworks";
				LD_RUNPATH_SEARCH_PATHS = (
					"$(inherited)",
					"@executable_path/../Frameworks",
					"@loader_path/Frameworks",
				);
				MACOSX_DEPLOYMENT_TARGET = 13.0;
				MARKETING_VERSION = 1.0;
				PRODUCT_BUNDLE_IDENTIFIER = com.igorsteixeira94.Infra;
				PRODUCT_NAME = "$(TARGET_NAME:c99extidentifier)";
				SDKROOT = macosx;
				SKIP_INSTALL = YES;
				SWIFT_EMIT_LOC_STRINGS = YES;
				SWIFT_OPTIMIZATION_LEVEL = "-Onone";
				SWIFT_VERSION = 5.0;
			};
			name = Debug;
		};
		86C976392970D48600903E7A /* Release */ = {
			isa = XCBuildConfiguration;
			buildSettings = {
				CLANG_ENABLE_MODULES = YES;
				CODE_SIGN_STYLE = Automatic;
				COMBINE_HIDPI_IMAGES = YES;
				CURRENT_PROJECT_VERSION = 1;
				DEFINES_MODULE = YES;
				DYLIB_COMPATIBILITY_VERSION = 1;
				DYLIB_CURRENT_VERSION = 1;
				DYLIB_INSTALL_NAME_BASE = "@rpath";
				GENERATE_INFOPLIST_FILE = YES;
				INFOPLIST_KEY_NSHumanReadableCopyright = "";
				INSTALL_PATH = "$(LOCAL_LIBRARY_DIR)/Frameworks";
				LD_RUNPATH_SEARCH_PATHS = (
					"$(inherited)",
					"@executable_path/../Frameworks",
					"@loader_path/Frameworks",
				);
				MACOSX_DEPLOYMENT_TARGET = 13.0;
				MARKETING_VERSION = 1.0;
				PRODUCT_BUNDLE_IDENTIFIER = com.igorsteixeira94.Infra;
				PRODUCT_NAME = "$(TARGET_NAME:c99extidentifier)";
				SDKROOT = macosx;
				SKIP_INSTALL = YES;
				SWIFT_EMIT_LOC_STRINGS = YES;
				SWIFT_VERSION = 5.0;
			};
			name = Release;
		};
		86C9763A2970D48600903E7A /* Debug */ = {
			isa = XCBuildConfiguration;
			buildSettings = {
				ALWAYS_EMBED_SWIFT_STANDARD_LIBRARIES = YES;
				CODE_SIGN_STYLE = Automatic;
				CURRENT_PROJECT_VERSION = 1;
				GENERATE_INFOPLIST_FILE = YES;
				MACOSX_DEPLOYMENT_TARGET = 13.0;
				MARKETING_VERSION = 1.0;
				PRODUCT_BUNDLE_IDENTIFIER = com.igorsteixeira94.InfraTests;
				PRODUCT_NAME = "$(TARGET_NAME)";
				SDKROOT = macosx;
				SWIFT_EMIT_LOC_STRINGS = NO;
				SWIFT_VERSION = 5.0;
			};
			name = Debug;
		};
		86C9763B2970D48600903E7A /* Release */ = {
			isa = XCBuildConfiguration;
			buildSettings = {
				ALWAYS_EMBED_SWIFT_STANDARD_LIBRARIES = YES;
				CODE_SIGN_STYLE = Automatic;
				CURRENT_PROJECT_VERSION = 1;
				GENERATE_INFOPLIST_FILE = YES;
				MACOSX_DEPLOYMENT_TARGET = 13.0;
				MARKETING_VERSION = 1.0;
				PRODUCT_BUNDLE_IDENTIFIER = com.igorsteixeira94.InfraTests;
				PRODUCT_NAME = "$(TARGET_NAME)";
				SDKROOT = macosx;
				SWIFT_EMIT_LOC_STRINGS = NO;
				SWIFT_VERSION = 5.0;
			};
			name = Release;
		};
		86DC9BA7296446E6003FDE47 /* Debug */ = {
			isa = XCBuildConfiguration;
			buildSettings = {
				ALWAYS_SEARCH_USER_PATHS = NO;
				CLANG_ANALYZER_NONNULL = YES;
				CLANG_ANALYZER_NUMBER_OBJECT_CONVERSION = YES_AGGRESSIVE;
				CLANG_CXX_LANGUAGE_STANDARD = "gnu++20";
				CLANG_ENABLE_MODULES = YES;
				CLANG_ENABLE_OBJC_ARC = YES;
				CLANG_ENABLE_OBJC_WEAK = YES;
				CLANG_WARN_BLOCK_CAPTURE_AUTORELEASING = YES;
				CLANG_WARN_BOOL_CONVERSION = YES;
				CLANG_WARN_COMMA = YES;
				CLANG_WARN_CONSTANT_CONVERSION = YES;
				CLANG_WARN_DEPRECATED_OBJC_IMPLEMENTATIONS = YES;
				CLANG_WARN_DIRECT_OBJC_ISA_USAGE = YES_ERROR;
				CLANG_WARN_DOCUMENTATION_COMMENTS = YES;
				CLANG_WARN_EMPTY_BODY = YES;
				CLANG_WARN_ENUM_CONVERSION = YES;
				CLANG_WARN_INFINITE_RECURSION = YES;
				CLANG_WARN_INT_CONVERSION = YES;
				CLANG_WARN_NON_LITERAL_NULL_CONVERSION = YES;
				CLANG_WARN_OBJC_IMPLICIT_RETAIN_SELF = YES;
				CLANG_WARN_OBJC_LITERAL_CONVERSION = YES;
				CLANG_WARN_OBJC_ROOT_CLASS = YES_ERROR;
				CLANG_WARN_QUOTED_INCLUDE_IN_FRAMEWORK_HEADER = YES;
				CLANG_WARN_RANGE_LOOP_ANALYSIS = YES;
				CLANG_WARN_STRICT_PROTOTYPES = YES;
				CLANG_WARN_SUSPICIOUS_MOVE = YES;
				CLANG_WARN_UNGUARDED_AVAILABILITY = YES_AGGRESSIVE;
				CLANG_WARN_UNREACHABLE_CODE = YES;
				CLANG_WARN__DUPLICATE_METHOD_MATCH = YES;
				COPY_PHASE_STRIP = NO;
				CURRENT_PROJECT_VERSION = 1;
				DEBUG_INFORMATION_FORMAT = dwarf;
				ENABLE_STRICT_OBJC_MSGSEND = YES;
				ENABLE_TESTABILITY = YES;
				GCC_C_LANGUAGE_STANDARD = gnu11;
				GCC_DYNAMIC_NO_PIC = NO;
				GCC_NO_COMMON_BLOCKS = YES;
				GCC_OPTIMIZATION_LEVEL = 0;
				GCC_PREPROCESSOR_DEFINITIONS = (
					"DEBUG=1",
					"$(inherited)",
				);
				GCC_WARN_64_TO_32_BIT_CONVERSION = YES;
				GCC_WARN_ABOUT_RETURN_TYPE = YES_ERROR;
				GCC_WARN_UNDECLARED_SELECTOR = YES;
				GCC_WARN_UNINITIALIZED_AUTOS = YES_AGGRESSIVE;
				GCC_WARN_UNUSED_FUNCTION = YES;
				GCC_WARN_UNUSED_VARIABLE = YES;
				IPHONEOS_DEPLOYMENT_TARGET = 16.1;
				MTL_ENABLE_DEBUG_INFO = INCLUDE_SOURCE;
				MTL_FAST_MATH = YES;
				ONLY_ACTIVE_ARCH = YES;
				SDKROOT = iphoneos;
				SWIFT_ACTIVE_COMPILATION_CONDITIONS = DEBUG;
				SWIFT_OPTIMIZATION_LEVEL = "-Onone";
				VERSIONING_SYSTEM = "apple-generic";
				VERSION_INFO_PREFIX = "";
			};
			name = Debug;
		};
		86DC9BA8296446E6003FDE47 /* Release */ = {
			isa = XCBuildConfiguration;
			buildSettings = {
				ALWAYS_SEARCH_USER_PATHS = NO;
				CLANG_ANALYZER_NONNULL = YES;
				CLANG_ANALYZER_NUMBER_OBJECT_CONVERSION = YES_AGGRESSIVE;
				CLANG_CXX_LANGUAGE_STANDARD = "gnu++20";
				CLANG_ENABLE_MODULES = YES;
				CLANG_ENABLE_OBJC_ARC = YES;
				CLANG_ENABLE_OBJC_WEAK = YES;
				CLANG_WARN_BLOCK_CAPTURE_AUTORELEASING = YES;
				CLANG_WARN_BOOL_CONVERSION = YES;
				CLANG_WARN_COMMA = YES;
				CLANG_WARN_CONSTANT_CONVERSION = YES;
				CLANG_WARN_DEPRECATED_OBJC_IMPLEMENTATIONS = YES;
				CLANG_WARN_DIRECT_OBJC_ISA_USAGE = YES_ERROR;
				CLANG_WARN_DOCUMENTATION_COMMENTS = YES;
				CLANG_WARN_EMPTY_BODY = YES;
				CLANG_WARN_ENUM_CONVERSION = YES;
				CLANG_WARN_INFINITE_RECURSION = YES;
				CLANG_WARN_INT_CONVERSION = YES;
				CLANG_WARN_NON_LITERAL_NULL_CONVERSION = YES;
				CLANG_WARN_OBJC_IMPLICIT_RETAIN_SELF = YES;
				CLANG_WARN_OBJC_LITERAL_CONVERSION = YES;
				CLANG_WARN_OBJC_ROOT_CLASS = YES_ERROR;
				CLANG_WARN_QUOTED_INCLUDE_IN_FRAMEWORK_HEADER = YES;
				CLANG_WARN_RANGE_LOOP_ANALYSIS = YES;
				CLANG_WARN_STRICT_PROTOTYPES = YES;
				CLANG_WARN_SUSPICIOUS_MOVE = YES;
				CLANG_WARN_UNGUARDED_AVAILABILITY = YES_AGGRESSIVE;
				CLANG_WARN_UNREACHABLE_CODE = YES;
				CLANG_WARN__DUPLICATE_METHOD_MATCH = YES;
				COPY_PHASE_STRIP = NO;
				CURRENT_PROJECT_VERSION = 1;
				DEBUG_INFORMATION_FORMAT = "dwarf-with-dsym";
				ENABLE_NS_ASSERTIONS = NO;
				ENABLE_STRICT_OBJC_MSGSEND = YES;
				GCC_C_LANGUAGE_STANDARD = gnu11;
				GCC_NO_COMMON_BLOCKS = YES;
				GCC_WARN_64_TO_32_BIT_CONVERSION = YES;
				GCC_WARN_ABOUT_RETURN_TYPE = YES_ERROR;
				GCC_WARN_UNDECLARED_SELECTOR = YES;
				GCC_WARN_UNINITIALIZED_AUTOS = YES_AGGRESSIVE;
				GCC_WARN_UNUSED_FUNCTION = YES;
				GCC_WARN_UNUSED_VARIABLE = YES;
				IPHONEOS_DEPLOYMENT_TARGET = 16.1;
				MTL_ENABLE_DEBUG_INFO = NO;
				MTL_FAST_MATH = YES;
				SDKROOT = iphoneos;
				SWIFT_COMPILATION_MODE = wholemodule;
				SWIFT_OPTIMIZATION_LEVEL = "-O";
				VALIDATE_PRODUCT = YES;
				VERSIONING_SYSTEM = "apple-generic";
				VERSION_INFO_PREFIX = "";
			};
			name = Release;
		};
		86DC9BB829644722003FDE47 /* Debug */ = {
			isa = XCBuildConfiguration;
			buildSettings = {
				CODE_SIGN_STYLE = Automatic;
				COMBINE_HIDPI_IMAGES = YES;
				CURRENT_PROJECT_VERSION = 1;
				DEFINES_MODULE = YES;
				DYLIB_COMPATIBILITY_VERSION = 1;
				DYLIB_CURRENT_VERSION = 1;
				DYLIB_INSTALL_NAME_BASE = "@rpath";
				GENERATE_INFOPLIST_FILE = YES;
				INFOPLIST_KEY_NSHumanReadableCopyright = "";
				INSTALL_PATH = "$(LOCAL_LIBRARY_DIR)/Frameworks";
				LD_RUNPATH_SEARCH_PATHS = (
					"$(inherited)",
					"@executable_path/../Frameworks",
					"@loader_path/Frameworks",
				);
				MACOSX_DEPLOYMENT_TARGET = 13.0;
				MARKETING_VERSION = 1.0;
				PRODUCT_BUNDLE_IDENTIFIER = com.igorsteixeira94.Domain;
				PRODUCT_NAME = "$(TARGET_NAME:c99extidentifier)";
				SDKROOT = macosx;
				SKIP_INSTALL = YES;
				SWIFT_EMIT_LOC_STRINGS = YES;
				SWIFT_VERSION = 5.0;
			};
			name = Debug;
		};
		86DC9BB929644722003FDE47 /* Release */ = {
			isa = XCBuildConfiguration;
			buildSettings = {
				CODE_SIGN_STYLE = Automatic;
				COMBINE_HIDPI_IMAGES = YES;
				CURRENT_PROJECT_VERSION = 1;
				DEFINES_MODULE = YES;
				DYLIB_COMPATIBILITY_VERSION = 1;
				DYLIB_CURRENT_VERSION = 1;
				DYLIB_INSTALL_NAME_BASE = "@rpath";
				GENERATE_INFOPLIST_FILE = YES;
				INFOPLIST_KEY_NSHumanReadableCopyright = "";
				INSTALL_PATH = "$(LOCAL_LIBRARY_DIR)/Frameworks";
				LD_RUNPATH_SEARCH_PATHS = (
					"$(inherited)",
					"@executable_path/../Frameworks",
					"@loader_path/Frameworks",
				);
				MACOSX_DEPLOYMENT_TARGET = 13.0;
				MARKETING_VERSION = 1.0;
				PRODUCT_BUNDLE_IDENTIFIER = com.igorsteixeira94.Domain;
				PRODUCT_NAME = "$(TARGET_NAME:c99extidentifier)";
				SDKROOT = macosx;
				SKIP_INSTALL = YES;
				SWIFT_EMIT_LOC_STRINGS = YES;
				SWIFT_VERSION = 5.0;
			};
			name = Release;
		};
		86DC9BD529644942003FDE47 /* Debug */ = {
			isa = XCBuildConfiguration;
			buildSettings = {
				CODE_SIGN_STYLE = Automatic;
				COMBINE_HIDPI_IMAGES = YES;
				CURRENT_PROJECT_VERSION = 1;
				DEFINES_MODULE = YES;
				DYLIB_COMPATIBILITY_VERSION = 1;
				DYLIB_CURRENT_VERSION = 1;
				DYLIB_INSTALL_NAME_BASE = "@rpath";
				GENERATE_INFOPLIST_FILE = YES;
				INFOPLIST_KEY_NSHumanReadableCopyright = "";
				INSTALL_PATH = "$(LOCAL_LIBRARY_DIR)/Frameworks";
				LD_RUNPATH_SEARCH_PATHS = (
					"$(inherited)",
					"@executable_path/../Frameworks",
					"@loader_path/Frameworks",
				);
				MACOSX_DEPLOYMENT_TARGET = 13.0;
				MARKETING_VERSION = 1.0;
				PRODUCT_BUNDLE_IDENTIFIER = com.igorsteixeira94.Data;
				PRODUCT_NAME = "$(TARGET_NAME:c99extidentifier)";
				SDKROOT = macosx;
				SKIP_INSTALL = YES;
				SWIFT_EMIT_LOC_STRINGS = YES;
				SWIFT_VERSION = 5.0;
			};
			name = Debug;
		};
		86DC9BD629644942003FDE47 /* Release */ = {
			isa = XCBuildConfiguration;
			buildSettings = {
				CODE_SIGN_STYLE = Automatic;
				COMBINE_HIDPI_IMAGES = YES;
				CURRENT_PROJECT_VERSION = 1;
				DEFINES_MODULE = YES;
				DYLIB_COMPATIBILITY_VERSION = 1;
				DYLIB_CURRENT_VERSION = 1;
				DYLIB_INSTALL_NAME_BASE = "@rpath";
				GENERATE_INFOPLIST_FILE = YES;
				INFOPLIST_KEY_NSHumanReadableCopyright = "";
				INSTALL_PATH = "$(LOCAL_LIBRARY_DIR)/Frameworks";
				LD_RUNPATH_SEARCH_PATHS = (
					"$(inherited)",
					"@executable_path/../Frameworks",
					"@loader_path/Frameworks",
				);
				MACOSX_DEPLOYMENT_TARGET = 13.0;
				MARKETING_VERSION = 1.0;
				PRODUCT_BUNDLE_IDENTIFIER = com.igorsteixeira94.Data;
				PRODUCT_NAME = "$(TARGET_NAME:c99extidentifier)";
				SDKROOT = macosx;
				SKIP_INSTALL = YES;
				SWIFT_EMIT_LOC_STRINGS = YES;
				SWIFT_VERSION = 5.0;
			};
			name = Release;
		};
		86DC9BD829644942003FDE47 /* Debug */ = {
			isa = XCBuildConfiguration;
			buildSettings = {
				ALWAYS_EMBED_SWIFT_STANDARD_LIBRARIES = YES;
				CODE_SIGN_STYLE = Automatic;
				CURRENT_PROJECT_VERSION = 1;
				GENERATE_INFOPLIST_FILE = YES;
				MACOSX_DEPLOYMENT_TARGET = 13.0;
				MARKETING_VERSION = 1.0;
				PRODUCT_BUNDLE_IDENTIFIER = com.igorsteixeira94.DataTests;
				PRODUCT_NAME = "$(TARGET_NAME)";
				SDKROOT = macosx;
				SWIFT_EMIT_LOC_STRINGS = NO;
				SWIFT_VERSION = 5.0;
			};
			name = Debug;
		};
		86DC9BD929644942003FDE47 /* Release */ = {
			isa = XCBuildConfiguration;
			buildSettings = {
				ALWAYS_EMBED_SWIFT_STANDARD_LIBRARIES = YES;
				CODE_SIGN_STYLE = Automatic;
				CURRENT_PROJECT_VERSION = 1;
				GENERATE_INFOPLIST_FILE = YES;
				MACOSX_DEPLOYMENT_TARGET = 13.0;
				MARKETING_VERSION = 1.0;
				PRODUCT_BUNDLE_IDENTIFIER = com.igorsteixeira94.DataTests;
				PRODUCT_NAME = "$(TARGET_NAME)";
				SDKROOT = macosx;
				SWIFT_EMIT_LOC_STRINGS = NO;
				SWIFT_VERSION = 5.0;
			};
			name = Release;
		};
/* End XCBuildConfiguration section */

/* Begin XCConfigurationList section */
		86C9763C2970D48600903E7A /* Build configuration list for PBXNativeTarget "Infra" */ = {
			isa = XCConfigurationList;
			buildConfigurations = (
				86C976382970D48600903E7A /* Debug */,
				86C976392970D48600903E7A /* Release */,
			);
			defaultConfigurationIsVisible = 0;
			defaultConfigurationName = Release;
		};
		86C9763D2970D48600903E7A /* Build configuration list for PBXNativeTarget "InfraTests" */ = {
			isa = XCConfigurationList;
			buildConfigurations = (
				86C9763A2970D48600903E7A /* Debug */,
				86C9763B2970D48600903E7A /* Release */,
			);
			defaultConfigurationIsVisible = 0;
			defaultConfigurationName = Release;
		};
		86DC9B9A296446E5003FDE47 /* Build configuration list for PBXProject "clean-app" */ = {
			isa = XCConfigurationList;
			buildConfigurations = (
				86DC9BA7296446E6003FDE47 /* Debug */,
				86DC9BA8296446E6003FDE47 /* Release */,
			);
			defaultConfigurationIsVisible = 0;
			defaultConfigurationName = Release;
		};
		86DC9BB729644722003FDE47 /* Build configuration list for PBXNativeTarget "Domain" */ = {
			isa = XCConfigurationList;
			buildConfigurations = (
				86DC9BB829644722003FDE47 /* Debug */,
				86DC9BB929644722003FDE47 /* Release */,
			);
			defaultConfigurationIsVisible = 0;
			defaultConfigurationName = Release;
		};
		86DC9BD429644942003FDE47 /* Build configuration list for PBXNativeTarget "Data" */ = {
			isa = XCConfigurationList;
			buildConfigurations = (
				86DC9BD529644942003FDE47 /* Debug */,
				86DC9BD629644942003FDE47 /* Release */,
			);
			defaultConfigurationIsVisible = 0;
			defaultConfigurationName = Release;
		};
		86DC9BD729644942003FDE47 /* Build configuration list for PBXNativeTarget "DataTests" */ = {
			isa = XCConfigurationList;
			buildConfigurations = (
				86DC9BD829644942003FDE47 /* Debug */,
				86DC9BD929644942003FDE47 /* Release */,
			);
			defaultConfigurationIsVisible = 0;
			defaultConfigurationName = Release;
		};
/* End XCConfigurationList section */

/* Begin XCRemoteSwiftPackageReference section */
		86C976442970D6A400903E7A /* XCRemoteSwiftPackageReference "Alamofire" */ = {
			isa = XCRemoteSwiftPackageReference;
			repositoryURL = "https://github.com/Alamofire/Alamofire.git";
			requirement = {
				kind = upToNextMinorVersion;
				minimumVersion = 5.6.0;
			};
		};
/* End XCRemoteSwiftPackageReference section */

/* Begin XCSwiftPackageProductDependency section */
		86C976452970D6A400903E7A /* Alamofire */ = {
			isa = XCSwiftPackageProductDependency;
			package = 86C976442970D6A400903E7A /* XCRemoteSwiftPackageReference "Alamofire" */;
			productName = Alamofire;
		};
/* End XCSwiftPackageProductDependency section */
	};
	rootObject = 86DC9B97296446E5003FDE47 /* Project object */;
}
